github.com/Mixaster995/test-actions v0.0.0-20210728050545-640dc90d14ca h1:nbq7MEHaP5EfvGqkRo1OAeRGVj8ZbRJDv+oZzJUTmOg=
github.com/Mixaster995/test-actions v0.0.0-20210728050545-640dc90d14ca/go.mod h1:oEJFEJuf86fxm+L3Fb2fExUNBTZfCimHyX0hUICMEUo=
github.com/Mixaster995/test-actions-2 v0.0.0-20210728050658-bd96929ade15 h1:/bD+XZrKm72UjcB+LCV8y9Nd2p6abOwjhI4w69LcXJk=
github.com/Mixaster995/test-actions-2 v0.0.0-20210728050658-bd96929ade15/go.mod h1:q0SEeTuRVZzmSdozEP/WYNztC04CtjYhKVtlrB9xDnc=
gopkg.in/check.v1 v0.0.0-20161208181325-20d25e280405 h1:yhCVgyC4o1eVCa2tZl7eS0r+SDo693bJlVdllGtEeKM=
gopkg.in/check.v1 v0.0.0-20161208181325-20d25e280405/go.mod h1:Co6ibVJAznAaIkqp8huTwlJQCZ016jof/cbN4VW5Yz0=
gopkg.in/yaml.v2 v2.4.0 h1:D8xgwECY7CYvx+Y2n4sBz93Jn9JRvxdiyyo8CTfuKaY=
gopkg.in/yaml.v2 v2.4.0/go.mod h1:RDklbk79AGWmwhnvt/jBztapEOGDOx6ZbXqjP6csGnQ=
