github.com/Mixaster995/test-actions v0.0.0-20210727115612-20006c9a6bd4 h1:xZArBcItwkoAuYOfK6fPTaSDQjoPViIvTrMg1i+TJJU=
github.com/Mixaster995/test-actions v0.0.0-20210727115612-20006c9a6bd4/go.mod h1:oEJFEJuf86fxm+L3Fb2fExUNBTZfCimHyX0hUICMEUo=
github.com/Mixaster995/test-actions-2 v0.0.0-20210727115721-5172698a4715 h1:O+KqSoOzZ/69GCi1/yRK+Dl6ZtAZKcU09nWu0QmDcjQ=
github.com/Mixaster995/test-actions-2 v0.0.0-20210727115721-5172698a4715/go.mod h1:aRtklR7Fa4iPjPCgrzcjxbWWESOQPz9mXyDtZ4Buf0Q=
gopkg.in/check.v1 v0.0.0-20161208181325-20d25e280405 h1:yhCVgyC4o1eVCa2tZl7eS0r+SDo693bJlVdllGtEeKM=
gopkg.in/check.v1 v0.0.0-20161208181325-20d25e280405/go.mod h1:Co6ibVJAznAaIkqp8huTwlJQCZ016jof/cbN4VW5Yz0=
gopkg.in/yaml.v2 v2.4.0 h1:D8xgwECY7CYvx+Y2n4sBz93Jn9JRvxdiyyo8CTfuKaY=
gopkg.in/yaml.v2 v2.4.0/go.mod h1:RDklbk79AGWmwhnvt/jBztapEOGDOx6ZbXqjP6csGnQ=
